
Microsoft Visual Studio Solution File, Format Version 12.00
# Visual Studio Version 16
VisualStudioVersion = 16.0.34114.132
MinimumVisualStudioVersion = 10.0.40219.1
Project("{FAE04EC0-301F-11D3-BF4B-00C04F79EFBC}") = "Uchet_Zayavok", "Uchet_Zayavok\Uchet_Zayavok.csproj", "{DEB49C1D-B639-4C42-B12D-7B70EC12E74C}"
EndProject
Global
	GlobalSection(SolutionConfigurationPlatforms) = preSolution
		Debug|Any CPU = Debug|Any CPU
		Release|Any CPU = Release|Any CPU
	EndGlobalSection
	GlobalSection(ProjectConfigurationPlatforms) = postSolution
		{DEB49C1D-B639-4C42-B12D-7B70EC12E74C}.Debug|Any CPU.ActiveCfg = Debug|Any CPU
		{DEB49C1D-B639-4C42-B12D-7B70EC12E74C}.Debug|Any CPU.Build.0 = Debug|Any CPU
		{DEB49C1D-B639-4C42-B12D-7B70EC12E74C}.Release|Any CPU.ActiveCfg = Release|Any CPU
		{DEB49C1D-B639-4C42-B12D-7B70EC12E74C}.Release|Any CPU.Build.0 = Release|Any CPU
	EndGlobalSection
	GlobalSection(SolutionProperties) = preSolution
		HideSolutionNode = FALSE
	EndGlobalSection
	GlobalSection(ExtensibilityGlobals) = postSolution
		SolutionGuid = {1B4EA003-BBC1-416C-B1E2-00774E3D4AB2}
	EndGlobalSection
EndGlobal
